
Microsoft Visual Studio Solution File, Format Version 12.00
# Visual Studio Version 17
VisualStudioVersion = 17.14.36401.2 d17.14
MinimumVisualStudioVersion = 10.0.40219.1
Project("{54A90642-561A-4BB1-A94E-469ADEE60C69}") = "BrinquedosMara.client", "BrinquedosMara.client\BrinquedosMara.client.esproj", "{57D1C2FE-8F17-FC91-694E-028E82296A5C}"
EndProject
Global
	GlobalSection(SolutionConfigurationPlatforms) = preSolution
		Debug|Any CPU = Debug|Any CPU
		Release|Any CPU = Release|Any CPU
	EndGlobalSection
	GlobalSection(ProjectConfigurationPlatforms) = postSolution
		{57D1C2FE-8F17-FC91-694E-028E82296A5C}.Debug|Any CPU.ActiveCfg = Debug|Any CPU
		{57D1C2FE-8F17-FC91-694E-028E82296A5C}.Debug|Any CPU.Build.0 = Debug|Any CPU
		{57D1C2FE-8F17-FC91-694E-028E82296A5C}.Debug|Any CPU.Deploy.0 = Debug|Any CPU
		{57D1C2FE-8F17-FC91-694E-028E82296A5C}.Release|Any CPU.ActiveCfg = Release|Any CPU
		{57D1C2FE-8F17-FC91-694E-028E82296A5C}.Release|Any CPU.Build.0 = Release|Any CPU
		{57D1C2FE-8F17-FC91-694E-028E82296A5C}.Release|Any CPU.Deploy.0 = Release|Any CPU
	EndGlobalSection
	GlobalSection(SolutionProperties) = preSolution
		HideSolutionNode = FALSE
	EndGlobalSection
	GlobalSection(ExtensibilityGlobals) = postSolution
		SolutionGuid = {14831231-8E98-49D5-9016-AACB7B865420}
	EndGlobalSection
EndGlobal
